
Microsoft Visual Studio Solution File, Format Version 12.00
# Visual Studio Version 17
VisualStudioVersion = 17.5.33530.505
MinimumVisualStudioVersion = 10.0.40219.1
Project("{FAE04EC0-301F-11D3-BF4B-00C04F79EFBC}") = "BlazorECommerce.Server", "BlazorECommerce\Server\BlazorECommerce.Server.csproj", "{4A0F2B14-19AF-419A-8DCE-0143BDBB3293}"
EndProject
Project("{FAE04EC0-301F-11D3-BF4B-00C04F79EFBC}") = "BlazorECommerce.Client", "BlazorECommerce\Client\BlazorECommerce.Client.csproj", "{12E04249-23BD-4DB8-AD43-C82A3D813B19}"
EndProject
Project("{FAE04EC0-301F-11D3-BF4B-00C04F79EFBC}") = "BlazorECommerce.Shared", "BlazorECommerce\Shared\BlazorECommerce.Shared.csproj", "{ABB0BC97-C8B1-4EEB-B9B0-F2289EFD9E74}"
EndProject
Global
	GlobalSection(SolutionConfigurationPlatforms) = preSolution
		Debug|Any CPU = Debug|Any CPU
		Release|Any CPU = Release|Any CPU
	EndGlobalSection
	GlobalSection(ProjectConfigurationPlatforms) = postSolution
		{4A0F2B14-19AF-419A-8DCE-0143BDBB3293}.Debug|Any CPU.ActiveCfg = Debug|Any CPU
		{4A0F2B14-19AF-419A-8DCE-0143BDBB3293}.Debug|Any CPU.Build.0 = Debug|Any CPU
		{4A0F2B14-19AF-419A-8DCE-0143BDBB3293}.Release|Any CPU.ActiveCfg = Release|Any CPU
		{4A0F2B14-19AF-419A-8DCE-0143BDBB3293}.Release|Any CPU.Build.0 = Release|Any CPU
		{12E04249-23BD-4DB8-AD43-C82A3D813B19}.Debug|Any CPU.ActiveCfg = Debug|Any CPU
		{12E04249-23BD-4DB8-AD43-C82A3D813B19}.Debug|Any CPU.Build.0 = Debug|Any CPU
		{12E04249-23BD-4DB8-AD43-C82A3D813B19}.Release|Any CPU.ActiveCfg = Release|Any CPU
		{12E04249-23BD-4DB8-AD43-C82A3D813B19}.Release|Any CPU.Build.0 = Release|Any CPU
		{ABB0BC97-C8B1-4EEB-B9B0-F2289EFD9E74}.Debug|Any CPU.ActiveCfg = Debug|Any CPU
		{ABB0BC97-C8B1-4EEB-B9B0-F2289EFD9E74}.Debug|Any CPU.Build.0 = Debug|Any CPU
		{ABB0BC97-C8B1-4EEB-B9B0-F2289EFD9E74}.Release|Any CPU.ActiveCfg = Release|Any CPU
		{ABB0BC97-C8B1-4EEB-B9B0-F2289EFD9E74}.Release|Any CPU.Build.0 = Release|Any CPU
	EndGlobalSection
	GlobalSection(SolutionProperties) = preSolution
		HideSolutionNode = FALSE
	EndGlobalSection
	GlobalSection(ExtensibilityGlobals) = postSolution
		SolutionGuid = {0ACA7640-CDD0-4423-969D-E32EB34CBDF8}
	EndGlobalSection
EndGlobal
